PODS:
  - NVActivityIndicatorView (4.1.2):
    - NVActivityIndicatorView/Presenter (= 4.1.2)
  - NVActivityIndicatorView/Presenter (4.1.2)

DEPENDENCIES:
  - NVActivityIndicatorView (from `../`)

EXTERNAL SOURCES:
  NVActivityIndicatorView:
    :path: ../

SPEC CHECKSUMS:
  NVActivityIndicatorView: 53c5e8b42a09e23b47d893d3f7903414f507c342

PODFILE CHECKSUM: e5d164996aa6d71a0eda53503111c16d861ecbc6

COCOAPODS: 1.3.1
